<?xml version="1.0" encoding="UTF-8" standalone="yes" ?>
<CodeBlocks_project_file>
	<FileVersion major="1" minor="6" />
	<Project>
		<Option title="KDOS" />
		<Option pch_mode="2" />
		<Option compiler="gcc" />
		<MakeCommands>
			<Build command="" />
			<CompileFile command="" />
			<Clean command="" />
			<DistClean command="" />
		</MakeCommands>
		<Build>
			<Target title="Release">
				<Option output="bin\Release\KDOS" prefix_auto="1" extension_auto="1" />
				<Option working_dir="" />
				<Option object_output="obj\Release\" />
				<Option type="5" />
				<Option compiler="gcc" />
				<Compiler>
					<Add option="-O2" />
				</Compiler>
				<Linker>
					<Add option="-s" />
				</Linker>
				<ExtraCommands>
					<Add before="build.bat" />
				</ExtraCommands>
			</Target>
		</Build>
		<Compiler>
			<Add option="-Wall" />
		</Compiler>
		<Unit filename="kernel\acpi.c">
			<Option compilerVar="CC" />
			<Option target="&lt;{~None~}&gt;" />
		</Unit>
		<Unit filename="kernel\boot.c">
			<Option compilerVar="CC" />
			<Option target="&lt;{~None~}&gt;" />
		</Unit>
		<Unit filename="kernel\cli.c">
			<Option compilerVar="CC" />
			<Option target="&lt;{~None~}&gt;" />
		</Unit>
		<Unit filename="kernel\cmos.c">
			<Option compilerVar="CC" />
			<Option target="&lt;{~None~}&gt;" />
		</Unit>
		<Unit filename="kernel\cpuid.asm">
			<Option target="&lt;{~None~}&gt;" />
		</Unit>
		<Unit filename="kernel\cpuid.c">
			<Option compilerVar="CC" />
			<Option target="&lt;{~None~}&gt;" />
		</Unit>
		<Unit filename="kernel\end.asm">
			<Option target="&lt;{~None~}&gt;" />
		</Unit>
		<Unit filename="kernel\gdt.asm">
			<Option target="&lt;{~None~}&gt;" />
		</Unit>
		<Unit filename="kernel\gdt.c">
			<Option compilerVar="CC" />
			<Option target="&lt;{~None~}&gt;" />
		</Unit>
		<Unit filename="kernel\h\acpi.h">
			<Option target="&lt;{~None~}&gt;" />
		</Unit>
		<Unit filename="kernel\h\boot.h">
			<Option target="&lt;{~None~}&gt;" />
		</Unit>
		<Unit filename="kernel\h\cli.h">
			<Option target="&lt;{~None~}&gt;" />
		</Unit>
		<Unit filename="kernel\h\libs\memory.h">
			<Option target="&lt;{~None~}&gt;" />
		</Unit>
		<Unit filename="kernel\h\libs\rect.h">
			<Option target="&lt;{~None~}&gt;" />
		</Unit>
		<Unit filename="kernel\h\libs\string.h">
			<Option target="&lt;{~None~}&gt;" />
		</Unit>
		<Unit filename="kernel\h\mm.h">
			<Option target="&lt;{~None~}&gt;" />
		</Unit>
		<Unit filename="kernel\h\mt.h">
			<Option target="&lt;{~None~}&gt;" />
		</Unit>
		<Unit filename="kernel\h\paging.h">
			<Option target="&lt;{~None~}&gt;" />
		</Unit>
		<Unit filename="kernel\h\sys.h">
			<Option link="1" />
		</Unit>
		<Unit filename="kernel\h\syscall.h">
			<Option target="&lt;{~None~}&gt;" />
		</Unit>
		<Unit filename="kernel\h\ui\programs.h">
			<Option target="&lt;{~None~}&gt;" />
		</Unit>
		<Unit filename="kernel\h\ui\ui.h">
			<Option target="&lt;{~None~}&gt;" />
		</Unit>
		<Unit filename="kernel\h\video\drawer.h">
			<Option target="&lt;{~None~}&gt;" />
		</Unit>
		<Unit filename="kernel\h\video\vgabase.h">
			<Option target="&lt;{~None~}&gt;" />
		</Unit>
		<Unit filename="kernel\h\video\video.h">
			<Option target="&lt;{~None~}&gt;" />
		</Unit>
		<Unit filename="kernel\idt.asm">
			<Option target="&lt;{~None~}&gt;" />
		</Unit>
		<Unit filename="kernel\idt.c">
			<Option compilerVar="CC" />
			<Option target="&lt;{~None~}&gt;" />
		</Unit>
		<Unit filename="kernel\irq.asm">
			<Option target="&lt;{~None~}&gt;" />
		</Unit>
		<Unit filename="kernel\irq.c">
			<Option compilerVar="CC" />
			<Option target="&lt;{~None~}&gt;" />
		</Unit>
		<Unit filename="kernel\isr.asm">
			<Option target="&lt;{~None~}&gt;" />
		</Unit>
		<Unit filename="kernel\isr.c">
			<Option compilerVar="CC" />
			<Option target="&lt;{~None~}&gt;" />
		</Unit>
		<Unit filename="kernel\kb.c">
			<Option compilerVar="CC" />
			<Option target="&lt;{~None~}&gt;" />
		</Unit>
		<Unit filename="kernel\libs\memory.c">
			<Option compilerVar="CC" />
			<Option target="&lt;{~None~}&gt;" />
		</Unit>
		<Unit filename="kernel\libs\rect.c">
			<Option compilerVar="CC" />
			<Option target="&lt;{~None~}&gt;" />
		</Unit>
		<Unit filename="kernel\libs\string.c">
			<Option compilerVar="CC" />
			<Option target="&lt;{~None~}&gt;" />
		</Unit>
		<Unit filename="kernel\main.c">
			<Option compilerVar="CC" />
			<Option target="&lt;{~None~}&gt;" />
		</Unit>
		<Unit filename="kernel\mm.c">
			<Option compilerVar="CC" />
			<Option target="&lt;{~None~}&gt;" />
		</Unit>
		<Unit filename="kernel\mouse.c">
			<Option compilerVar="CC" />
			<Option target="&lt;{~None~}&gt;" />
		</Unit>
		<Unit filename="kernel\mt.c">
			<Option compilerVar="CC" />
			<Option target="&lt;{~None~}&gt;" />
		</Unit>
		<Unit filename="kernel\paging.c">
			<Option compilerVar="CC" />
			<Option target="&lt;{~None~}&gt;" />
		</Unit>
		<Unit filename="kernel\power.c">
			<Option compilerVar="CC" />
			<Option target="&lt;{~None~}&gt;" />
		</Unit>
		<Unit filename="kernel\rtc.c">
			<Option compilerVar="CC" />
			<Option target="&lt;{~None~}&gt;" />
		</Unit>
		<Unit filename="kernel\start.asm">
			<Option target="&lt;{~None~}&gt;" />
		</Unit>
		<Unit filename="kernel\sys.c">
			<Option compilerVar="CC" />
			<Option target="&lt;{~None~}&gt;" />
		</Unit>
		<Unit filename="kernel\syscall.asm">
			<Option target="&lt;{~None~}&gt;" />
		</Unit>
		<Unit filename="kernel\syscall.c">
			<Option compilerVar="CC" />
			<Option target="&lt;{~None~}&gt;" />
		</Unit>
		<Unit filename="kernel\timer.c">
			<Option compilerVar="CC" />
			<Option target="&lt;{~None~}&gt;" />
		</Unit>
		<Unit filename="kernel\ui\headerfooter.c">
			<Option compilerVar="CC" />
			<Option target="&lt;{~None~}&gt;" />
		</Unit>
		<Unit filename="kernel\ui\programs\cpuidinfo.c">
			<Option compilerVar="CC" />
			<Option target="&lt;{~None~}&gt;" />
		</Unit>
		<Unit filename="kernel\ui\programs\crashtest.c">
			<Option compilerVar="CC" />
			<Option target="&lt;{~None~}&gt;" />
		</Unit>
		<Unit filename="kernel\ui\programs\debuginfo.c">
			<Option compilerVar="CC" />
			<Option target="&lt;{~None~}&gt;" />
		</Unit>
		<Unit filename="kernel\ui\programs\vgatest.c">
			<Option compilerVar="CC" />
			<Option target="&lt;{~None~}&gt;" />
		</Unit>
		<Unit filename="kernel\ui\tabs\about.c">
			<Option compilerVar="CC" />
			<Option target="&lt;{~None~}&gt;" />
		</Unit>
		<Unit filename="kernel\ui\tabs\folders.c">
			<Option compilerVar="CC" />
			<Option target="&lt;{~None~}&gt;" />
		</Unit>
		<Unit filename="kernel\ui\tabs\programs.c">
			<Option compilerVar="CC" />
			<Option target="&lt;{~None~}&gt;" />
		</Unit>
		<Unit filename="kernel\ui\tabs\settings.c">
			<Option compilerVar="CC" />
			<Option target="&lt;{~None~}&gt;" />
		</Unit>
		<Unit filename="kernel\ui\tabs\terminal.c">
			<Option compilerVar="CC" />
			<Option target="&lt;{~None~}&gt;" />
		</Unit>
		<Unit filename="kernel\ui\ui.c">
			<Option compilerVar="CC" />
			<Option target="&lt;{~None~}&gt;" />
		</Unit>
		<Unit filename="kernel\video\drawer.c">
			<Option compilerVar="CC" />
			<Option target="&lt;{~None~}&gt;" />
		</Unit>
		<Unit filename="kernel\video\vga.asm">
			<Option target="&lt;{~None~}&gt;" />
		</Unit>
		<Unit filename="kernel\video\vgabase.c">
			<Option compilerVar="CC" />
			<Option target="&lt;{~None~}&gt;" />
		</Unit>
		<Unit filename="kernel\video\vgafont.c">
			<Option compilerVar="CC" />
			<Option target="&lt;{~None~}&gt;" />
		</Unit>
		<Unit filename="kernel\video\vgagraphics.c">
			<Option compilerVar="CC" />
			<Option target="&lt;{~None~}&gt;" />
		</Unit>
		<Unit filename="kernel\video\vgatext.c">
			<Option compilerVar="CC" />
			<Option target="&lt;{~None~}&gt;" />
		</Unit>
		<Unit filename="kernel\video\video.c">
			<Option compilerVar="CC" />
			<Option target="&lt;{~None~}&gt;" />
		</Unit>
		<Extensions>
			<code_completion>
				<search_path add="kernel\h" />
			</code_completion>
			<debugger />
		</Extensions>
	</Project>
</CodeBlocks_project_file>
