<?xml version="1.0" encoding="UTF-8" standalone="yes" ?>
<CodeBlocks_project_file>
	<FileVersion major="1" minor="6" />
	<Project>
		<Option title="KDOS" />
		<Option pch_mode="2" />
		<Option compiler="gcc" />
		<Build>
			<Target title="Release">
				<Option output="bin\Release\KDOS" prefix_auto="1" extension_auto="1" />
				<Option object_output="obj\Release\" />
				<Option type="1" />
				<Option compiler="gcc" />
				<Compiler>
					<Add option="-O2" />
				</Compiler>
				<Linker>
					<Add option="-s" />
				</Linker>
			</Target>
		</Build>
		<Compiler>
			<Add option="-Wall" />
		</Compiler>
		<Unit filename="kernel\boot.c">
			<Option compilerVar="CC" />
		</Unit>
		<Unit filename="kernel\cli.c">
			<Option compilerVar="CC" />
		</Unit>
		<Unit filename="kernel\cpuid.asm" />
		<Unit filename="kernel\cpuid.c">
			<Option compilerVar="CC" />
		</Unit>
		<Unit filename="kernel\end.asm" />
		<Unit filename="kernel\gdt.asm" />
		<Unit filename="kernel\gdt.c">
			<Option compilerVar="CC" />
		</Unit>
		<Unit filename="kernel\h\boot.h" />
		<Unit filename="kernel\h\cli.h" />
		<Unit filename="kernel\h\libs\memory.h" />
		<Unit filename="kernel\h\libs\rect.h" />
		<Unit filename="kernel\h\libs\string.h" />
		<Unit filename="kernel\h\mm.h" />
		<Unit filename="kernel\h\paging.h" />
		<Unit filename="kernel\h\sys.h" />
		<Unit filename="kernel\h\ui\programs.h" />
		<Unit filename="kernel\h\ui\ui.h" />
		<Unit filename="kernel\h\video\video.h" />
		<Unit filename="kernel\idt.asm" />
		<Unit filename="kernel\idt.c">
			<Option compilerVar="CC" />
		</Unit>
		<Unit filename="kernel\irq.asm" />
		<Unit filename="kernel\irq.c">
			<Option compilerVar="CC" />
		</Unit>
		<Unit filename="kernel\isr.asm" />
		<Unit filename="kernel\isr.c">
			<Option compilerVar="CC" />
		</Unit>
		<Unit filename="kernel\kb.c">
			<Option compilerVar="CC" />
		</Unit>
		<Unit filename="kernel\libs\memory.c">
			<Option compilerVar="CC" />
		</Unit>
		<Unit filename="kernel\libs\rect.c">
			<Option compilerVar="CC" />
		</Unit>
		<Unit filename="kernel\libs\string.c">
			<Option compilerVar="CC" />
		</Unit>
		<Unit filename="kernel\main.c">
			<Option compilerVar="CC" />
		</Unit>
		<Unit filename="kernel\mm.c">
			<Option compilerVar="CC" />
		</Unit>
		<Unit filename="kernel\paging.c">
			<Option compilerVar="CC" />
		</Unit>
		<Unit filename="kernel\start.asm" />
		<Unit filename="kernel\sys.c">
			<Option compilerVar="CC" />
		</Unit>
		<Unit filename="kernel\timer.c">
			<Option compilerVar="CC" />
		</Unit>
		<Unit filename="kernel\ui\headerfooter.c">
			<Option compilerVar="CC" />
		</Unit>
		<Unit filename="kernel\ui\programs\crashtest.c">
			<Option compilerVar="CC" />
		</Unit>
		<Unit filename="kernel\ui\programs\debuginfo.c">
			<Option compilerVar="CC" />
		</Unit>
		<Unit filename="kernel\ui\programs\vgatest.c">
			<Option compilerVar="CC" />
		</Unit>
		<Unit filename="kernel\ui\tabs\about.c">
			<Option compilerVar="CC" />
		</Unit>
		<Unit filename="kernel\ui\tabs\folders.c">
			<Option compilerVar="CC" />
		</Unit>
		<Unit filename="kernel\ui\tabs\programs.c">
			<Option compilerVar="CC" />
		</Unit>
		<Unit filename="kernel\ui\tabs\settings.c">
			<Option compilerVar="CC" />
		</Unit>
		<Unit filename="kernel\ui\tabs\terminal.c">
			<Option compilerVar="CC" />
		</Unit>
		<Unit filename="kernel\ui\ui.c">
			<Option compilerVar="CC" />
		</Unit>
		<Unit filename="kernel\video\text.c">
			<Option compilerVar="CC" />
		</Unit>
		<Unit filename="kernel\video\vga.asm" />
		<Unit filename="kernel\video\vga.c">
			<Option compilerVar="CC" />
		</Unit>
		<Unit filename="kernel\video\video.c">
			<Option compilerVar="CC" />
		</Unit>
		<Extensions>
			<code_completion>
				<search_path add="kernel\h" />
			</code_completion>
			<debugger />
		</Extensions>
	</Project>
</CodeBlocks_project_file>
